
Microsoft Visual Studio Solution File, Format Version 12.00
# Visual Studio Version 16
VisualStudioVersion = 16.0.29209.62
MinimumVisualStudioVersion = 10.0.40219.1
Project("{FAE04EC0-301F-11D3-BF4B-00C04F79EFBC}") = "LegoFigures", "LegoFigures\LegoFigures.csproj", "{335DE6A3-99C9-4D9B-BB55-E79088336526}"
EndProject
Global
	GlobalSection(SolutionConfigurationPlatforms) = preSolution
		Debug|Any CPU = Debug|Any CPU
		Release|Any CPU = Release|Any CPU
	EndGlobalSection
	GlobalSection(ProjectConfigurationPlatforms) = postSolution
		{335DE6A3-99C9-4D9B-BB55-E79088336526}.Debug|Any CPU.ActiveCfg = Debug|Any CPU
		{335DE6A3-99C9-4D9B-BB55-E79088336526}.Debug|Any CPU.Build.0 = Debug|Any CPU
		{335DE6A3-99C9-4D9B-BB55-E79088336526}.Release|Any CPU.ActiveCfg = Release|Any CPU
		{335DE6A3-99C9-4D9B-BB55-E79088336526}.Release|Any CPU.Build.0 = Release|Any CPU
	EndGlobalSection
	GlobalSection(SolutionProperties) = preSolution
		HideSolutionNode = FALSE
	EndGlobalSection
	GlobalSection(ExtensibilityGlobals) = postSolution
		SolutionGuid = {C832F84B-95DD-49C0-A1D0-110959949A45}
	EndGlobalSection
EndGlobal
